Microsoft Visual Studio Solution File, Format Version 12.00
# Visual Studio Version 17
VisualStudioVersion = 17.5.2.0
MinimumVisualStudioVersion = 10.0.40219.1
Project("{FAE04EC0-301F-11D3-BF4B-00C04F79EFBC}") = "2", "2.csproj", "{6F3E6492-0E96-3520-0295-F359D28A5829}"
EndProject
Project("{FAE04EC0-301F-11D3-BF4B-00C04F79EFBC}") = "StockWatcher.IntegrationTests", "StockWatcher.IntegrationTests\StockWatcher.IntegrationTests.csproj", "{4FA8C23E-2F11-1AF3-2CC3-965BF8EF4F96}"
EndProject
Global
	GlobalSection(SolutionConfigurationPlatforms) = preSolution
		Debug|Any CPU = Debug|Any CPU
		Release|Any CPU = Release|Any CPU
	EndGlobalSection
	GlobalSection(ProjectConfigurationPlatforms) = postSolution
		{6F3E6492-0E96-3520-0295-F359D28A5829}.Debug|Any CPU.ActiveCfg = Debug|Any CPU
		{6F3E6492-0E96-3520-0295-F359D28A5829}.Debug|Any CPU.Build.0 = Debug|Any CPU
		{6F3E6492-0E96-3520-0295-F359D28A5829}.Release|Any CPU.ActiveCfg = Release|Any CPU
		{6F3E6492-0E96-3520-0295-F359D28A5829}.Release|Any CPU.Build.0 = Release|Any CPU
		{4FA8C23E-2F11-1AF3-2CC3-965BF8EF4F96}.Debug|Any CPU.ActiveCfg = Debug|Any CPU
		{4FA8C23E-2F11-1AF3-2CC3-965BF8EF4F96}.Debug|Any CPU.Build.0 = Debug|Any CPU
		{4FA8C23E-2F11-1AF3-2CC3-965BF8EF4F96}.Release|Any CPU.ActiveCfg = Release|Any CPU
		{4FA8C23E-2F11-1AF3-2CC3-965BF8EF4F96}.Release|Any CPU.Build.0 = Release|Any CPU
	EndGlobalSection
	GlobalSection(SolutionProperties) = preSolution
		HideSolutionNode = FALSE
	EndGlobalSection
	GlobalSection(ExtensibilityGlobals) = postSolution
		SolutionGuid = {5FCA661C-9786-4A8E-AE8C-EA9A2ACA00B5}
	EndGlobalSection
EndGlobal
